
Microsoft Visual Studio Solution File, Format Version 12.00
# Visual Studio Version 17
VisualStudioVersion = 17.8.34330.188
MinimumVisualStudioVersion = 10.0.40219.1
Project("{9A19103F-16F7-4668-BE54-9A1E7A4F7556}") = "Template", "Template.csproj", "{C66BA6FD-DD4D-4EAB-8482-57A4878C266B}"
EndProject
Project("{FAE04EC0-301F-11D3-BF4B-00C04F79EFBC}") = "Tests", "..\Tests\Tests.csproj", "{A0C00ECE-8FE9-499F-AEB6-DAD34603F9B7}"
EndProject
Global
	GlobalSection(SolutionConfigurationPlatforms) = preSolution
		Debug|Any CPU = Debug|Any CPU
		Release|Any CPU = Release|Any CPU
	EndGlobalSection
	GlobalSection(ProjectConfigurationPlatforms) = postSolution
		{C66BA6FD-DD4D-4EAB-8482-57A4878C266B}.Debug|Any CPU.ActiveCfg = Debug|Any CPU
		{C66BA6FD-DD4D-4EAB-8482-57A4878C266B}.Debug|Any CPU.Build.0 = Debug|Any CPU
		{C66BA6FD-DD4D-4EAB-8482-57A4878C266B}.Release|Any CPU.ActiveCfg = Release|Any CPU
		{C66BA6FD-DD4D-4EAB-8482-57A4878C266B}.Release|Any CPU.Build.0 = Release|Any CPU
		{A0C00ECE-8FE9-499F-AEB6-DAD34603F9B7}.Debug|Any CPU.ActiveCfg = Debug|Any CPU
		{A0C00ECE-8FE9-499F-AEB6-DAD34603F9B7}.Debug|Any CPU.Build.0 = Debug|Any CPU
		{A0C00ECE-8FE9-499F-AEB6-DAD34603F9B7}.Release|Any CPU.ActiveCfg = Release|Any CPU
		{A0C00ECE-8FE9-499F-AEB6-DAD34603F9B7}.Release|Any CPU.Build.0 = Release|Any CPU
	EndGlobalSection
	GlobalSection(SolutionProperties) = preSolution
		HideSolutionNode = FALSE
	EndGlobalSection
	GlobalSection(ExtensibilityGlobals) = postSolution
		SolutionGuid = {B9E7DE50-9991-4481-B991-38AC3DDD2229}
	EndGlobalSection
EndGlobal
